
Microsoft Visual Studio Solution File, Format Version 12.00
# Visual Studio Version 16
VisualStudioVersion = 16.0.30907.101
MinimumVisualStudioVersion = 10.0.40219.1
Project("{FAE04EC0-301F-11D3-BF4B-00C04F79EFBC}") = "WebApplication1", "WebApplication1\WebApplication1.csproj", "{543DC6DA-8E6B-45DD-BAAA-1DBB28AC4094}"
EndProject
Global
	GlobalSection(SolutionConfigurationPlatforms) = preSolution
		Debug|Any CPU = Debug|Any CPU
		Release|Any CPU = Release|Any CPU
	EndGlobalSection
	GlobalSection(ProjectConfigurationPlatforms) = postSolution
		{543DC6DA-8E6B-45DD-BAAA-1DBB28AC4094}.Debug|Any CPU.ActiveCfg = Debug|Any CPU
		{543DC6DA-8E6B-45DD-BAAA-1DBB28AC4094}.Debug|Any CPU.Build.0 = Debug|Any CPU
		{543DC6DA-8E6B-45DD-BAAA-1DBB28AC4094}.Release|Any CPU.ActiveCfg = Release|Any CPU
		{543DC6DA-8E6B-45DD-BAAA-1DBB28AC4094}.Release|Any CPU.Build.0 = Release|Any CPU
	EndGlobalSection
	GlobalSection(SolutionProperties) = preSolution
		HideSolutionNode = FALSE
	EndGlobalSection
	GlobalSection(ExtensibilityGlobals) = postSolution
		SolutionGuid = {0190BF28-1749-4F77-982A-5AFE3F01EF5B}
	EndGlobalSection
EndGlobal
